// !$*UTF8*$!
{
	archiveVersion = 1;
	classes = {
	};
	objectVersion = 56;
	objects = {

/* Begin PBXBuildFile section */
		F83922622B6CB41E0005C4F2 /* LandmarkApp.swift in Sources */ = {isa = PBXBuildFile; fileRef = F83922612B6CB41E0005C4F2 /* LandmarkApp.swift */; };
		F83922642B6CB41E0005C4F2 /* ContentView.swift in Sources */ = {isa = PBXBuildFile; fileRef = F83922632B6CB41E0005C4F2 /* ContentView.swift */; };
		F83922662B6CB41F0005C4F2 /* Assets.xcassets in Resources */ = {isa = PBXBuildFile; fileRef = F83922652B6CB41F0005C4F2 /* Assets.xcassets */; };
		F83922692B6CB41F0005C4F2 /* Preview Assets.xcassets in Resources */ = {isa = PBXBuildFile; fileRef = F83922682B6CB41F0005C4F2 /* Preview Assets.xcassets */; };
		F83922702B6EB96D0005C4F2 /* CircleImage.swift in Sources */ = {isa = PBXBuildFile; fileRef = F839226F2B6EB96D0005C4F2 /* CircleImage.swift */; };
		F83922722B6EBA2B0005C4F2 /* MapView.swift in Sources */ = {isa = PBXBuildFile; fileRef = F83922712B6EBA2B0005C4F2 /* MapView.swift */; };
		F83922742B6FFA320005C4F2 /* landmarkData.json in Resources */ = {isa = PBXBuildFile; fileRef = F83922732B6FFA320005C4F2 /* landmarkData.json */; };
		F83922762B6FFA630005C4F2 /* Landmark.swift in Sources */ = {isa = PBXBuildFile; fileRef = F83922752B6FFA630005C4F2 /* Landmark.swift */; };
		F83922782B6FFDC70005C4F2 /* ModelData.swift in Sources */ = {isa = PBXBuildFile; fileRef = F83922772B6FFDC70005C4F2 /* ModelData.swift */; };
		F839227D2B7000680005C4F2 /* LandmarkRow.swift in Sources */ = {isa = PBXBuildFile; fileRef = F839227C2B7000680005C4F2 /* LandmarkRow.swift */; };
		F839227F2B70027F0005C4F2 /* LandmarkList.swift in Sources */ = {isa = PBXBuildFile; fileRef = F839227E2B70027F0005C4F2 /* LandmarkList.swift */; };
		F83922812B7004450005C4F2 /* LandmarkDetail.swift in Sources */ = {isa = PBXBuildFile; fileRef = F83922802B7004450005C4F2 /* LandmarkDetail.swift */; };
/* End PBXBuildFile section */

/* Begin PBXFileReference section */
		F839225E2B6CB41E0005C4F2 /* Landmark.app */ = {isa = PBXFileReference; explicitFileType = wrapper.application; includeInIndex = 0; path = Landmark.app; sourceTree = BUILT_PRODUCTS_DIR; };
		F83922612B6CB41E0005C4F2 /* LandmarkApp.swift */ = {isa = PBXFileReference; lastKnownFileType = sourcecode.swift; path = LandmarkApp.swift; sourceTree = "<group>"; };
		F83922632B6CB41E0005C4F2 /* ContentView.swift */ = {isa = PBXFileReference; lastKnownFileType = sourcecode.swift; path = ContentView.swift; sourceTree = "<group>"; };
		F83922652B6CB41F0005C4F2 /* Assets.xcassets */ = {isa = PBXFileReference; lastKnownFileType = folder.assetcatalog; path = Assets.xcassets; sourceTree = "<group>"; };
		F83922682B6CB41F0005C4F2 /* Preview Assets.xcassets */ = {isa = PBXFileReference; lastKnownFileType = folder.assetcatalog; path = "Preview Assets.xcassets"; sourceTree = "<group>"; };
		F839226F2B6EB96D0005C4F2 /* CircleImage.swift */ = {isa = PBXFileReference; lastKnownFileType = sourcecode.swift; path = CircleImage.swift; sourceTree = "<group>"; };
		F83922712B6EBA2B0005C4F2 /* MapView.swift */ = {isa = PBXFileReference; lastKnownFileType = sourcecode.swift; path = MapView.swift; sourceTree = "<group>"; };
		F83922732B6FFA320005C4F2 /* landmarkData.json */ = {isa = PBXFileReference; fileEncoding = 4; lastKnownFileType = text.json; path = landmarkData.json; sourceTree = "<group>"; };
		F83922752B6FFA630005C4F2 /* Landmark.swift */ = {isa = PBXFileReference; lastKnownFileType = sourcecode.swift; path = Landmark.swift; sourceTree = "<group>"; };
		F83922772B6FFDC70005C4F2 /* ModelData.swift */ = {isa = PBXFileReference; lastKnownFileType = sourcecode.swift; path = ModelData.swift; sourceTree = "<group>"; };
		F839227C2B7000680005C4F2 /* LandmarkRow.swift */ = {isa = PBXFileReference; lastKnownFileType = sourcecode.swift; path = LandmarkRow.swift; sourceTree = "<group>"; };
		F839227E2B70027F0005C4F2 /* LandmarkList.swift */ = {isa = PBXFileReference; lastKnownFileType = sourcecode.swift; path = LandmarkList.swift; sourceTree = "<group>"; };
		F83922802B7004450005C4F2 /* LandmarkDetail.swift */ = {isa = PBXFileReference; lastKnownFileType = sourcecode.swift; path = LandmarkDetail.swift; sourceTree = "<group>"; };
/* End PBXFileReference section */

/* Begin PBXFrameworksBuildPhase section */
		F839225B2B6CB41E0005C4F2 /* Frameworks */ = {
			isa = PBXFrameworksBuildPhase;
			buildActionMask = 2147483647;
			files = (
			);
			runOnlyForDeploymentPostprocessing = 0;
		};
/* End PBXFrameworksBuildPhase section */

/* Begin PBXGroup section */
		F83922552B6CB41E0005C4F2 = {
			isa = PBXGroup;
			children = (
				F83922602B6CB41E0005C4F2 /* Landmark */,
				F839225F2B6CB41E0005C4F2 /* Products */,
			);
			sourceTree = "<group>";
		};
		F839225F2B6CB41E0005C4F2 /* Products */ = {
			isa = PBXGroup;
			children = (
				F839225E2B6CB41E0005C4F2 /* Landmark.app */,
			);
			name = Products;
			sourceTree = "<group>";
		};
		F83922602B6CB41E0005C4F2 /* Landmark */ = {
			isa = PBXGroup;
			children = (
				F839227B2B7000030005C4F2 /* Resources */,
				F839227A2B6FFFDB0005C4F2 /* Model */,
				F83922792B6FFFA70005C4F2 /* Views */,
				F83922612B6CB41E0005C4F2 /* LandmarkApp.swift */,
				F83922652B6CB41F0005C4F2 /* Assets.xcassets */,
				F83922672B6CB41F0005C4F2 /* Preview Content */,
			);
			path = Landmark;
			sourceTree = "<group>";
		};
		F83922672B6CB41F0005C4F2 /* Preview Content */ = {
			isa = PBXGroup;
			children = (
				F83922682B6CB41F0005C4F2 /* Preview Assets.xcassets */,
			);
			path = "Preview Content";
			sourceTree = "<group>";
		};
		F83922792B6FFFA70005C4F2 /* Views */ = {
			isa = PBXGroup;
			children = (
				F839226F2B6EB96D0005C4F2 /* CircleImage.swift */,
				F83922712B6EBA2B0005C4F2 /* MapView.swift */,
				F83922632B6CB41E0005C4F2 /* ContentView.swift */,
				F839227C2B7000680005C4F2 /* LandmarkRow.swift */,
				F839227E2B70027F0005C4F2 /* LandmarkList.swift */,
				F83922802B7004450005C4F2 /* LandmarkDetail.swift */,
			);
			path = Views;
			sourceTree = "<group>";
		};
		F839227A2B6FFFDB0005C4F2 /* Model */ = {
			isa = PBXGroup;
			children = (
				F83922772B6FFDC70005C4F2 /* ModelData.swift */,
				F83922752B6FFA630005C4F2 /* Landmark.swift */,
			);
			path = Model;
			sourceTree = "<group>";
		};
		F839227B2B7000030005C4F2 /* Resources */ = {
			isa = PBXGroup;
			children = (
				F83922732B6FFA320005C4F2 /* landmarkData.json */,
			);
			path = Resources;
			sourceTree = "<group>";
		};
/* End PBXGroup section */

/* Begin PBXNativeTarget section */
		F839225D2B6CB41E0005C4F2 /* Landmark */ = {
			isa = PBXNativeTarget;
			buildConfigurationList = F839226C2B6CB41F0005C4F2 /* Build configuration list for PBXNativeTarget "Landmark" */;
			buildPhases = (
				F839225A2B6CB41E0005C4F2 /* Sources */,
				F839225B2B6CB41E0005C4F2 /* Frameworks */,
				F839225C2B6CB41E0005C4F2 /* Resources */,
			);
			buildRules = (
			);
			dependencies = (
			);
			name = Landmark;
			productName = Landmark;
			productReference = F839225E2B6CB41E0005C4F2 /* Landmark.app */;
			productType = "com.apple.product-type.application";
		};
/* End PBXNativeTarget section */

/* Begin PBXProject section */
		F83922562B6CB41E0005C4F2 /* Project object */ = {
			isa = PBXProject;
			attributes = {
				BuildIndependentTargetsInParallel = 1;
				LastSwiftUpdateCheck = 1520;
				LastUpgradeCheck = 1520;
				TargetAttributes = {
					F839225D2B6CB41E0005C4F2 = {
						CreatedOnToolsVersion = 15.2;
					};
				};
			};
			buildConfigurationList = F83922592B6CB41E0005C4F2 /* Build configuration list for PBXProject "Landmark" */;
			compatibilityVersion = "Xcode 14.0";
			developmentRegion = en;
			hasScannedForEncodings = 0;
			knownRegions = (
				en,
				Base,
			);
			mainGroup = F83922552B6CB41E0005C4F2;
			productRefGroup = F839225F2B6CB41E0005C4F2 /* Products */;
			projectDirPath = "";
			projectRoot = "";
			targets = (
				F839225D2B6CB41E0005C4F2 /* Landmark */,
			);
		};
/* End PBXProject section */

/* Begin PBXResourcesBuildPhase section */
		F839225C2B6CB41E0005C4F2 /* Resources */ = {
			isa = PBXResourcesBuildPhase;
			buildActionMask = 2147483647;
			files = (
				F83922692B6CB41F0005C4F2 /* Preview Assets.xcassets in Resources */,
				F83922662B6CB41F0005C4F2 /* Assets.xcassets in Resources */,
				F83922742B6FFA320005C4F2 /* landmarkData.json in Resources */,
			);
			runOnlyForDeploymentPostprocessing = 0;
		};
/* End PBXResourcesBuildPhase section */

/* Begin PBXSourcesBuildPhase section */
		F839225A2B6CB41E0005C4F2 /* Sources */ = {
			isa = PBXSourcesBuildPhase;
			buildActionMask = 2147483647;
			files = (
				F83922642B6CB41E0005C4F2 /* ContentView.swift in Sources */,
				F83922722B6EBA2B0005C4F2 /* MapView.swift in Sources */,
				F83922622B6CB41E0005C4F2 /* LandmarkApp.swift in Sources */,
				F839227F2B70027F0005C4F2 /* LandmarkList.swift in Sources */,
				F83922812B7004450005C4F2 /* LandmarkDetail.swift in Sources */,
				F83922702B6EB96D0005C4F2 /* CircleImage.swift in Sources */,
				F83922762B6FFA630005C4F2 /* Landmark.swift in Sources */,
				F839227D2B7000680005C4F2 /* LandmarkRow.swift in Sources */,
				F83922782B6FFDC70005C4F2 /* ModelData.swift in Sources */,
			);
			runOnlyForDeploymentPostprocessing = 0;
		};
/* End PBXSourcesBuildPhase section */

/* Begin XCBuildConfiguration section */
		F839226A2B6CB41F0005C4F2 /* Debug */ = {
			isa = XCBuildConfiguration;
			buildSettings = {
				ALWAYS_SEARCH_USER_PATHS = NO;
				ASSETCATALOG_COMPILER_GENERATE_SWIFT_ASSET_SYMBOL_EXTENSIONS = YES;
				CLANG_ANALYZER_NONNULL = YES;
				CLANG_ANALYZER_NUMBER_OBJECT_CONVERSION = YES_AGGRESSIVE;
				CLANG_CXX_LANGUAGE_STANDARD = "gnu++20";
				CLANG_ENABLE_MODULES = YES;
				CLANG_ENABLE_OBJC_ARC = YES;
				CLANG_ENABLE_OBJC_WEAK = YES;
				CLANG_WARN_BLOCK_CAPTURE_AUTORELEASING = YES;
				CLANG_WARN_BOOL_CONVERSION = YES;
				CLANG_WARN_COMMA = YES;
				CLANG_WARN_CONSTANT_CONVERSION = YES;
				CLANG_WARN_DEPRECATED_OBJC_IMPLEMENTATIONS = YES;
				CLANG_WARN_DIRECT_OBJC_ISA_USAGE = YES_ERROR;
				CLANG_WARN_DOCUMENTATION_COMMENTS = YES;
				CLANG_WARN_EMPTY_BODY = YES;
				CLANG_WARN_ENUM_CONVERSION = YES;
				CLANG_WARN_INFINITE_RECURSION = YES;
				CLANG_WARN_INT_CONVERSION = YES;
				CLANG_WARN_NON_LITERAL_NULL_CONVERSION = YES;
				CLANG_WARN_OBJC_IMPLICIT_RETAIN_SELF = YES;
				CLANG_WARN_OBJC_LITERAL_CONVERSION = YES;
				CLANG_WARN_OBJC_ROOT_CLASS = YES_ERROR;
				CLANG_WARN_QUOTED_INCLUDE_IN_FRAMEWORK_HEADER = YES;
				CLANG_WARN_RANGE_LOOP_ANALYSIS = YES;
				CLANG_WARN_STRICT_PROTOTYPES = YES;
				CLANG_WARN_SUSPICIOUS_MOVE = YES;
				CLANG_WARN_UNGUARDED_AVAILABILITY = YES_AGGRESSIVE;
				CLANG_WARN_UNREACHABLE_CODE = YES;
				CLANG_WARN__DUPLICATE_METHOD_MATCH = YES;
				COPY_PHASE_STRIP = NO;
				DEBUG_INFORMATION_FORMAT = dwarf;
				ENABLE_STRICT_OBJC_MSGSEND = YES;
				ENABLE_TESTABILITY = YES;
				ENABLE_USER_SCRIPT_SANDBOXING = YES;
				GCC_C_LANGUAGE_STANDARD = gnu17;
				GCC_DYNAMIC_NO_PIC = NO;
				GCC_NO_COMMON_BLOCKS = YES;
				GCC_OPTIMIZATION_LEVEL = 0;
				GCC_PREPROCESSOR_DEFINITIONS = (
					"DEBUG=1",
					"$(inherited)",
				);
				GCC_WARN_64_TO_32_BIT_CONVERSION = YES;
				GCC_WARN_ABOUT_RETURN_TYPE = YES_ERROR;
				GCC_WARN_UNDECLARED_SELECTOR = YES;
				GCC_WARN_UNINITIALIZED_AUTOS = YES_AGGRESSIVE;
				GCC_WARN_UNUSED_FUNCTION = YES;
				GCC_WARN_UNUSED_VARIABLE = YES;
				IPHONEOS_DEPLOYMENT_TARGET = 17.2;
				LOCALIZATION_PREFERS_STRING_CATALOGS = YES;
				MTL_ENABLE_DEBUG_INFO = INCLUDE_SOURCE;
				MTL_FAST_MATH = YES;
				ONLY_ACTIVE_ARCH = YES;
				SDKROOT = iphoneos;
				SWIFT_ACTIVE_COMPILATION_CONDITIONS = "DEBUG $(inherited)";
				SWIFT_OPTIMIZATION_LEVEL = "-Onone";
			};
			name = Debug;
		};
		F839226B2B6CB41F0005C4F2 /* Release */ = {
			isa = XCBuildConfiguration;
			buildSettings = {
				ALWAYS_SEARCH_USER_PATHS = NO;
				ASSETCATALOG_COMPILER_GENERATE_SWIFT_ASSET_SYMBOL_EXTENSIONS = YES;
				CLANG_ANALYZER_NONNULL = YES;
				CLANG_ANALYZER_NUMBER_OBJECT_CONVERSION = YES_AGGRESSIVE;
				CLANG_CXX_LANGUAGE_STANDARD = "gnu++20";
				CLANG_ENABLE_MODULES = YES;
				CLANG_ENABLE_OBJC_ARC = YES;
				CLANG_ENABLE_OBJC_WEAK = YES;
				CLANG_WARN_BLOCK_CAPTURE_AUTORELEASING = YES;
				CLANG_WARN_BOOL_CONVERSION = YES;
				CLANG_WARN_COMMA = YES;
				CLANG_WARN_CONSTANT_CONVERSION = YES;
				CLANG_WARN_DEPRECATED_OBJC_IMPLEMENTATIONS = YES;
				CLANG_WARN_DIRECT_OBJC_ISA_USAGE = YES_ERROR;
				CLANG_WARN_DOCUMENTATION_COMMENTS = YES;
				CLANG_WARN_EMPTY_BODY = YES;
				CLANG_WARN_ENUM_CONVERSION = YES;
				CLANG_WARN_INFINITE_RECURSION = YES;
				CLANG_WARN_INT_CONVERSION = YES;
				CLANG_WARN_NON_LITERAL_NULL_CONVERSION = YES;
				CLANG_WARN_OBJC_IMPLICIT_RETAIN_SELF = YES;
				CLANG_WARN_OBJC_LITERAL_CONVERSION = YES;
				CLANG_WARN_OBJC_ROOT_CLASS = YES_ERROR;
				CLANG_WARN_QUOTED_INCLUDE_IN_FRAMEWORK_HEADER = YES;
				CLANG_WARN_RANGE_LOOP_ANALYSIS = YES;
				CLANG_WARN_STRICT_PROTOTYPES = YES;
				CLANG_WARN_SUSPICIOUS_MOVE = YES;
				CLANG_WARN_UNGUARDED_AVAILABILITY = YES_AGGRESSIVE;
				CLANG_WARN_UNREACHABLE_CODE = YES;
				CLANG_WARN__DUPLICATE_METHOD_MATCH = YES;
				COPY_PHASE_STRIP = NO;
				DEBUG_INFORMATION_FORMAT = "dwarf-with-dsym";
				ENABLE_NS_ASSERTIONS = NO;
				ENABLE_STRICT_OBJC_MSGSEND = YES;
				ENABLE_USER_SCRIPT_SANDBOXING = YES;
				GCC_C_LANGUAGE_STANDARD = gnu17;
				GCC_NO_COMMON_BLOCKS = YES;
				GCC_WARN_64_TO_32_BIT_CONVERSION = YES;
				GCC_WARN_ABOUT_RETURN_TYPE = YES_ERROR;
				GCC_WARN_UNDECLARED_SELECTOR = YES;
				GCC_WARN_UNINITIALIZED_AUTOS = YES_AGGRESSIVE;
				GCC_WARN_UNUSED_FUNCTION = YES;
				GCC_WARN_UNUSED_VARIABLE = YES;
				IPHONEOS_DEPLOYMENT_TARGET = 17.2;
				LOCALIZATION_PREFERS_STRING_CATALOGS = YES;
				MTL_ENABLE_DEBUG_INFO = NO;
				MTL_FAST_MATH = YES;
				SDKROOT = iphoneos;
				SWIFT_COMPILATION_MODE = wholemodule;
				VALIDATE_PRODUCT = YES;
			};
			name = Release;
		};
		F839226D2B6CB41F0005C4F2 /* Debug */ = {
			isa = XCBuildConfiguration;
			buildSettings = {
				ASSETCATALOG_COMPILER_APPICON_NAME = AppIcon;
				ASSETCATALOG_COMPILER_GLOBAL_ACCENT_COLOR_NAME = AccentColor;
				CODE_SIGN_STYLE = Automatic;
				CURRENT_PROJECT_VERSION = 1;
				DEVELOPMENT_ASSET_PATHS = "\"Landmark/Preview Content\"";
				ENABLE_PREVIEWS = YES;
				GENERATE_INFOPLIST_FILE = YES;
				INFOPLIST_KEY_UIApplicationSceneManifest_Generation = YES;
				INFOPLIST_KEY_UIApplicationSupportsIndirectInputEvents = YES;
				INFOPLIST_KEY_UILaunchScreen_Generation = YES;
				INFOPLIST_KEY_UISupportedInterfaceOrientations_iPad = "UIInterfaceOrientationPortrait UIInterfaceOrientationPortraitUpsideDown UIInterfaceOrientationLandscapeLeft UIInterfaceOrientationLandscapeRight";
				INFOPLIST_KEY_UISupportedInterfaceOrientations_iPhone = "UIInterfaceOrientationPortrait UIInterfaceOrientationLandscapeLeft UIInterfaceOrientationLandscapeRight";
				LD_RUNPATH_SEARCH_PATHS = (
					"$(inherited)",
					"@executable_path/Frameworks",
				);
				MARKETING_VERSION = 1.0;
				PRODUCT_BUNDLE_IDENTIFIER = com.lookingglass.Landmark;
				PRODUCT_NAME = "$(TARGET_NAME)";
				SWIFT_EMIT_LOC_STRINGS = YES;
				SWIFT_VERSION = 5.0;
				TARGETED_DEVICE_FAMILY = "1,2";
			};
			name = Debug;
		};
		F839226E2B6CB41F0005C4F2 /* Release */ = {
			isa = XCBuildConfiguration;
			buildSettings = {
				ASSETCATALOG_COMPILER_APPICON_NAME = AppIcon;
				ASSETCATALOG_COMPILER_GLOBAL_ACCENT_COLOR_NAME = AccentColor;
				CODE_SIGN_STYLE = Automatic;
				CURRENT_PROJECT_VERSION = 1;
				DEVELOPMENT_ASSET_PATHS = "\"Landmark/Preview Content\"";
				ENABLE_PREVIEWS = YES;
				GENERATE_INFOPLIST_FILE = YES;
				INFOPLIST_KEY_UIApplicationSceneManifest_Generation = YES;
				INFOPLIST_KEY_UIApplicationSupportsIndirectInputEvents = YES;
				INFOPLIST_KEY_UILaunchScreen_Generation = YES;
				INFOPLIST_KEY_UISupportedInterfaceOrientations_iPad = "UIInterfaceOrientationPortrait UIInterfaceOrientationPortraitUpsideDown UIInterfaceOrientationLandscapeLeft UIInterfaceOrientationLandscapeRight";
				INFOPLIST_KEY_UISupportedInterfaceOrientations_iPhone = "UIInterfaceOrientationPortrait UIInterfaceOrientationLandscapeLeft UIInterfaceOrientationLandscapeRight";
				LD_RUNPATH_SEARCH_PATHS = (
					"$(inherited)",
					"@executable_path/Frameworks",
				);
				MARKETING_VERSION = 1.0;
				PRODUCT_BUNDLE_IDENTIFIER = com.lookingglass.Landmark;
				PRODUCT_NAME = "$(TARGET_NAME)";
				SWIFT_EMIT_LOC_STRINGS = YES;
				SWIFT_VERSION = 5.0;
				TARGETED_DEVICE_FAMILY = "1,2";
			};
			name = Release;
		};
/* End XCBuildConfiguration section */

/* Begin XCConfigurationList section */
		F83922592B6CB41E0005C4F2 /* Build configuration list for PBXProject "Landmark" */ = {
			isa = XCConfigurationList;
			buildConfigurations = (
				F839226A2B6CB41F0005C4F2 /* Debug */,
				F839226B2B6CB41F0005C4F2 /* Release */,
			);
			defaultConfigurationIsVisible = 0;
			defaultConfigurationName = Release;
		};
		F839226C2B6CB41F0005C4F2 /* Build configuration list for PBXNativeTarget "Landmark" */ = {
			isa = XCConfigurationList;
			buildConfigurations = (
				F839226D2B6CB41F0005C4F2 /* Debug */,
				F839226E2B6CB41F0005C4F2 /* Release */,
			);
			defaultConfigurationIsVisible = 0;
			defaultConfigurationName = Release;
		};
/* End XCConfigurationList section */
	};
	rootObject = F83922562B6CB41E0005C4F2 /* Project object */;
}
